
Microsoft Visual Studio Solution File, Format Version 12.00
# Visual Studio Version 17
VisualStudioVersion = 17.7.34221.43
MinimumVisualStudioVersion = 10.0.40219.1
Project("{FAE04EC0-301F-11D3-BF4B-00C04F79EFBC}") = "comoencasa_Escritorio", "comoencasa_Escritorio.csproj", "{0D93E610-0932-4428-8A1C-D56940B04A2D}"
EndProject
Global
	GlobalSection(SolutionConfigurationPlatforms) = preSolution
		Debug|Any CPU = Debug|Any CPU
		Release|Any CPU = Release|Any CPU
	EndGlobalSection
	GlobalSection(ProjectConfigurationPlatforms) = postSolution
		{0D93E610-0932-4428-8A1C-D56940B04A2D}.Debug|Any CPU.ActiveCfg = Debug|Any CPU
		{0D93E610-0932-4428-8A1C-D56940B04A2D}.Debug|Any CPU.Build.0 = Debug|Any CPU
		{0D93E610-0932-4428-8A1C-D56940B04A2D}.Release|Any CPU.ActiveCfg = Release|Any CPU
		{0D93E610-0932-4428-8A1C-D56940B04A2D}.Release|Any CPU.Build.0 = Release|Any CPU
	EndGlobalSection
	GlobalSection(SolutionProperties) = preSolution
		HideSolutionNode = FALSE
	EndGlobalSection
	GlobalSection(ExtensibilityGlobals) = postSolution
		SolutionGuid = {3FD71B0A-E0C3-4E6A-9657-0B3B34FEB80E}
	EndGlobalSection
EndGlobal
